// !$*UTF8*$!
{
	archiveVersion = 1;
	classes = {
	};
	objectVersion = 46;
	objects = {

/* Begin PBXBuildFile section */
		3753AA5F1B075054006CAEA7 /* libgearvm.a in Frameworks */ = {isa = PBXBuildFile; fileRef = A7FABF621AFD82B400A90E00 /* libgearvm.a */; };
		3788E6411B0280950062BCB8 /* libgearvm.a in Frameworks */ = {isa = PBXBuildFile; fileRef = A7FABF621AFD82B400A90E00 /* libgearvm.a */; };
		3788E6431B0282520062BCB8 /* gearf.cpp in Sources */ = {isa = PBXBuildFile; fileRef = 3788E6421B0282520062BCB8 /* gearf.cpp */; };
		A7FABF3C1AFD806C00A90E00 /* gear.cpp in Sources */ = {isa = PBXBuildFile; fileRef = A7DC1EF91A92303A00188ADD /* gear.cpp */; };
		A7FABF4D1AFD824500A90E00 /* cli.cpp in Sources */ = {isa = PBXBuildFile; fileRef = A7DC1F001A92373600188ADD /* cli.cpp */; };
		A7FABF4F1AFD824500A90E00 /* argv_input.cpp in Sources */ = {isa = PBXBuildFile; fileRef = A7DC1F031A923D1A00188ADD /* argv_input.cpp */; };
		A7FABF511AFD824500A90E00 /* input_definition.cpp in Sources */ = {isa = PBXBuildFile; fileRef = A7DC1F061A923E0E00188ADD /* input_definition.cpp */; };
		A7FABF581AFD824500A90E00 /* reference.cpp in Sources */ = {isa = PBXBuildFile; fileRef = A7FABF351AFBBCC700A90E00 /* reference.cpp */; };
		A7FABF5B1AFD824500A90E00 /* value.cpp in Sources */ = {isa = PBXBuildFile; fileRef = A707E6CD1AEAE950003B1B71 /* value.cpp */; };
		A7FABF5E1AFD824500A90E00 /* variable.cpp in Sources */ = {isa = PBXBuildFile; fileRef = A7088E0E1AEC36FE00A45620 /* variable.cpp */; };
		A7FABF721AFD843E00A90E00 /* gearc.cpp in Sources */ = {isa = PBXBuildFile; fileRef = A7FABF641AFD83FD00A90E00 /* gearc.cpp */; };
		A7FABF731AFD862B00A90E00 /* libgearvm.a in Frameworks */ = {isa = PBXBuildFile; fileRef = A7FABF621AFD82B400A90E00 /* libgearvm.a */; };
		A7FABF801AFE0A8900A90E00 /* geardoc.cpp in Sources */ = {isa = PBXBuildFile; fileRef = A7FABF7F1AFE0A8900A90E00 /* geardoc.cpp */; };
		A7FABF831AFE0A9800A90E00 /* libgearvm.a in Frameworks */ = {isa = PBXBuildFile; fileRef = A7FABF621AFD82B400A90E00 /* libgearvm.a */; };
		A7FABF901AFE0AFB00A90E00 /* gearp.cpp in Sources */ = {isa = PBXBuildFile; fileRef = A7FABF8F1AFE0AFB00A90E00 /* gearp.cpp */; };
		A7FABF931AFE0B0800A90E00 /* libgearvm.a in Frameworks */ = {isa = PBXBuildFile; fileRef = A7FABF621AFD82B400A90E00 /* libgearvm.a */; };
/* End PBXBuildFile section */

/* Begin PBXContainerItemProxy section */
		3788E63F1B02808E0062BCB8 /* PBXContainerItemProxy */ = {
			isa = PBXContainerItemProxy;
			containerPortal = A79839B21A913917007DA45D /* Project object */;
			proxyType = 1;
			remoteGlobalIDString = A7FABF401AFD81B900A90E00;
			remoteInfo = cvm;
		};
		A7FABF5F1AFD82A200A90E00 /* PBXContainerItemProxy */ = {
			isa = PBXContainerItemProxy;
			containerPortal = A79839B21A913917007DA45D /* Project object */;
			proxyType = 1;
			remoteGlobalIDString = A7FABF401AFD81B900A90E00;
			remoteInfo = cvm;
		};
		A7FABF701AFD842700A90E00 /* PBXContainerItemProxy */ = {
			isa = PBXContainerItemProxy;
			containerPortal = A79839B21A913917007DA45D /* Project object */;
			proxyType = 1;
			remoteGlobalIDString = A7FABF401AFD81B900A90E00;
			remoteInfo = cvm;
		};
		A7FABF811AFE0A9300A90E00 /* PBXContainerItemProxy */ = {
			isa = PBXContainerItemProxy;
			containerPortal = A79839B21A913917007DA45D /* Project object */;
			proxyType = 1;
			remoteGlobalIDString = A7FABF401AFD81B900A90E00;
			remoteInfo = cvm;
		};
		A7FABF911AFE0B0200A90E00 /* PBXContainerItemProxy */ = {
			isa = PBXContainerItemProxy;
			containerPortal = A79839B21A913917007DA45D /* Project object */;
			proxyType = 1;
			remoteGlobalIDString = A7FABF401AFD81B900A90E00;
			remoteInfo = cvm;
		};
/* End PBXContainerItemProxy section */

/* Begin PBXCopyFilesBuildPhase section */
		3788E6361B02807C0062BCB8 /* CopyFiles */ = {
			isa = PBXCopyFilesBuildPhase;
			buildActionMask = 2147483647;
			dstPath = /usr/share/man/man1/;
			dstSubfolderSpec = 0;
			files = (
			);
			runOnlyForDeploymentPostprocessing = 1;
		};
		A7DC1EEF1A922F0300188ADD /* CopyFiles */ = {
			isa = PBXCopyFilesBuildPhase;
			buildActionMask = 2147483647;
			dstPath = /usr/share/man/man1/;
			dstSubfolderSpec = 0;
			files = (
			);
			runOnlyForDeploymentPostprocessing = 1;
		};
		A7FABF761AFE0A6400A90E00 /* CopyFiles */ = {
			isa = PBXCopyFilesBuildPhase;
			buildActionMask = 2147483647;
			dstPath = /usr/share/man/man1/;
			dstSubfolderSpec = 0;
			files = (
			);
			runOnlyForDeploymentPostprocessing = 1;
		};
		A7FABF861AFE0AC900A90E00 /* CopyFiles */ = {
			isa = PBXCopyFilesBuildPhase;
			buildActionMask = 2147483647;
			dstPath = /usr/share/man/man1/;
			dstSubfolderSpec = 0;
			files = (
			);
			runOnlyForDeploymentPostprocessing = 1;
		};
/* End PBXCopyFilesBuildPhase section */

/* Begin PBXFileReference section */
		3753AA5A1B07503F006CAEA7 /* gear */ = {isa = PBXFileReference; explicitFileType = "compiled.mach-o.executable"; includeInIndex = 0; path = gear; sourceTree = BUILT_PRODUCTS_DIR; };
		3753AA5B1B07503F006CAEA7 /* gearc */ = {isa = PBXFileReference; explicitFileType = "compiled.mach-o.executable"; includeInIndex = 0; path = gearc; sourceTree = BUILT_PRODUCTS_DIR; };
		3753AA5C1B07503F006CAEA7 /* geardoc */ = {isa = PBXFileReference; explicitFileType = "compiled.mach-o.executable"; includeInIndex = 0; path = geardoc; sourceTree = BUILT_PRODUCTS_DIR; };
		3753AA5D1B07503F006CAEA7 /* gearp */ = {isa = PBXFileReference; explicitFileType = "compiled.mach-o.executable"; includeInIndex = 0; path = gearp; sourceTree = BUILT_PRODUCTS_DIR; };
		3753AA5E1B07503F006CAEA7 /* gearf */ = {isa = PBXFileReference; explicitFileType = "compiled.mach-o.executable"; includeInIndex = 0; path = gearf; sourceTree = BUILT_PRODUCTS_DIR; };
		3788E6421B0282520062BCB8 /* gearf.cpp */ = {isa = PBXFileReference; fileEncoding = 4; lastKnownFileType = sourcecode.cpp.cpp; path = gearf.cpp; sourceTree = "<group>"; };
		A707E6CD1AEAE950003B1B71 /* value.cpp */ = {isa = PBXFileReference; fileEncoding = 4; lastKnownFileType = sourcecode.cpp.cpp; name = value.cpp; path = src/vm/memory/value.cpp; sourceTree = SOURCE_ROOT; };
		A707E6CE1AEAE950003B1B71 /* value.hpp */ = {isa = PBXFileReference; fileEncoding = 4; lastKnownFileType = sourcecode.cpp.h; name = value.hpp; path = src/vm/memory/value.hpp; sourceTree = SOURCE_ROOT; };
		A707E6D01AEB9826003B1B71 /* predef.hpp */ = {isa = PBXFileReference; lastKnownFileType = sourcecode.cpp.h; path = predef.hpp; sourceTree = "<group>"; };
		A7088E0E1AEC36FE00A45620 /* variable.cpp */ = {isa = PBXFileReference; fileEncoding = 4; lastKnownFileType = sourcecode.cpp.cpp; path = variable.cpp; sourceTree = "<group>"; };
		A7088E0F1AEC36FE00A45620 /* variable.hpp */ = {isa = PBXFileReference; fileEncoding = 4; lastKnownFileType = sourcecode.cpp.h; path = variable.hpp; sourceTree = "<group>"; };
		A7DC1EF91A92303A00188ADD /* gear.cpp */ = {isa = PBXFileReference; fileEncoding = 4; lastKnownFileType = sourcecode.cpp.cpp; path = gear.cpp; sourceTree = "<group>"; };
		A7DC1F001A92373600188ADD /* cli.cpp */ = {isa = PBXFileReference; fileEncoding = 4; lastKnownFileType = sourcecode.cpp.cpp; path = cli.cpp; sourceTree = "<group>"; };
		A7DC1F011A92373600188ADD /* cli.hpp */ = {isa = PBXFileReference; fileEncoding = 4; lastKnownFileType = sourcecode.cpp.h; path = cli.hpp; sourceTree = "<group>"; };
		A7DC1F031A923D1A00188ADD /* argv_input.cpp */ = {isa = PBXFileReference; fileEncoding = 4; lastKnownFileType = sourcecode.cpp.cpp; path = argv_input.cpp; sourceTree = "<group>"; };
		A7DC1F041A923D1A00188ADD /* argv_input.hpp */ = {isa = PBXFileReference; fileEncoding = 4; lastKnownFileType = sourcecode.cpp.h; path = argv_input.hpp; sourceTree = "<group>"; };
		A7DC1F061A923E0E00188ADD /* input_definition.cpp */ = {isa = PBXFileReference; fileEncoding = 4; lastKnownFileType = sourcecode.cpp.cpp; path = input_definition.cpp; sourceTree = "<group>"; };
		A7DC1F071A923E0E00188ADD /* input_definition.hpp */ = {isa = PBXFileReference; fileEncoding = 4; lastKnownFileType = sourcecode.cpp.h; path = input_definition.hpp; sourceTree = "<group>"; };
		A7FABF301AFAB14700A90E00 /* platform.hpp */ = {isa = PBXFileReference; lastKnownFileType = sourcecode.cpp.h; path = platform.hpp; sourceTree = "<group>"; };
		A7FABF311AFB753700A90E00 /* value_inlines.hpp */ = {isa = PBXFileReference; lastKnownFileType = sourcecode.cpp.h; path = value_inlines.hpp; sourceTree = "<group>"; };
		A7FABF321AFBA17300A90E00 /* nan.hpp */ = {isa = PBXFileReference; lastKnownFileType = sourcecode.cpp.h; path = nan.hpp; sourceTree = "<group>"; };
		A7FABF341AFBBC4500A90E00 /* variable_inlines.hpp */ = {isa = PBXFileReference; lastKnownFileType = sourcecode.cpp.h; path = variable_inlines.hpp; sourceTree = "<group>"; };
		A7FABF351AFBBCC700A90E00 /* reference.cpp */ = {isa = PBXFileReference; fileEncoding = 4; lastKnownFileType = sourcecode.cpp.cpp; path = reference.cpp; sourceTree = "<group>"; };
		A7FABF361AFBBCC700A90E00 /* reference.hpp */ = {isa = PBXFileReference; fileEncoding = 4; lastKnownFileType = sourcecode.cpp.h; path = reference.hpp; sourceTree = "<group>"; };
		A7FABF381AFBFE2E00A90E00 /* reference_inlines.hpp */ = {isa = PBXFileReference; lastKnownFileType = sourcecode.cpp.h; path = reference_inlines.hpp; sourceTree = "<group>"; };
		A7FABF3A1AFD011300A90E00 /* config.hpp */ = {isa = PBXFileReference; lastKnownFileType = sourcecode.cpp.h; path = config.hpp; sourceTree = "<group>"; };
		A7FABF621AFD82B400A90E00 /* libgearvm.a */ = {isa = PBXFileReference; explicitFileType = archive.ar; includeInIndex = 0; path = libgearvm.a; sourceTree = BUILT_PRODUCTS_DIR; };
		A7FABF641AFD83FD00A90E00 /* gearc.cpp */ = {isa = PBXFileReference; lastKnownFileType = sourcecode.cpp.cpp; path = gearc.cpp; sourceTree = "<group>"; };
		A7FABF7F1AFE0A8900A90E00 /* geardoc.cpp */ = {isa = PBXFileReference; fileEncoding = 4; lastKnownFileType = sourcecode.cpp.cpp; path = geardoc.cpp; sourceTree = "<group>"; };
		A7FABF8F1AFE0AFB00A90E00 /* gearp.cpp */ = {isa = PBXFileReference; fileEncoding = 4; lastKnownFileType = sourcecode.cpp.cpp; path = gearp.cpp; sourceTree = "<group>"; };
/* End PBXFileReference section */

/* Begin PBXFrameworksBuildPhase section */
		3788E6351B02807C0062BCB8 /* Frameworks */ = {
			isa = PBXFrameworksBuildPhase;
			buildActionMask = 2147483647;
			files = (
				3788E6411B0280950062BCB8 /* libgearvm.a in Frameworks */,
			);
			runOnlyForDeploymentPostprocessing = 0;
		};
		A7DC1EEE1A922F0300188ADD /* Frameworks */ = {
			isa = PBXFrameworksBuildPhase;
			buildActionMask = 2147483647;
			files = (
				3753AA5F1B075054006CAEA7 /* libgearvm.a in Frameworks */,
			);
			runOnlyForDeploymentPostprocessing = 0;
		};
		A7FABF3E1AFD81B900A90E00 /* Frameworks */ = {
			isa = PBXFrameworksBuildPhase;
			buildActionMask = 2147483647;
			files = (
			);
			runOnlyForDeploymentPostprocessing = 0;
		};
		A7FABF661AFD841D00A90E00 /* Frameworks */ = {
			isa = PBXFrameworksBuildPhase;
			buildActionMask = 2147483647;
			files = (
				A7FABF731AFD862B00A90E00 /* libgearvm.a in Frameworks */,
			);
			runOnlyForDeploymentPostprocessing = 0;
		};
		A7FABF751AFE0A6400A90E00 /* Frameworks */ = {
			isa = PBXFrameworksBuildPhase;
			buildActionMask = 2147483647;
			files = (
				A7FABF831AFE0A9800A90E00 /* libgearvm.a in Frameworks */,
			);
			runOnlyForDeploymentPostprocessing = 0;
		};
		A7FABF851AFE0AC900A90E00 /* Frameworks */ = {
			isa = PBXFrameworksBuildPhase;
			buildActionMask = 2147483647;
			files = (
				A7FABF931AFE0B0800A90E00 /* libgearvm.a in Frameworks */,
			);
			runOnlyForDeploymentPostprocessing = 0;
		};
/* End PBXFrameworksBuildPhase section */

/* Begin PBXGroup section */
		A7432DA41A928D0F00F1FC44 /* memory */ = {
			isa = PBXGroup;
			children = (
				A7FABF361AFBBCC700A90E00 /* reference.hpp */,
				A7FABF381AFBFE2E00A90E00 /* reference_inlines.hpp */,
				A7FABF351AFBBCC700A90E00 /* reference.cpp */,
				A707E6CE1AEAE950003B1B71 /* value.hpp */,
				A7FABF311AFB753700A90E00 /* value_inlines.hpp */,
				A707E6CD1AEAE950003B1B71 /* value.cpp */,
				A7088E0F1AEC36FE00A45620 /* variable.hpp */,
				A7FABF341AFBBC4500A90E00 /* variable_inlines.hpp */,
				A7088E0E1AEC36FE00A45620 /* variable.cpp */,
			);
			path = memory;
			sourceTree = "<group>";
		};
		A79839B11A913917007DA45D = {
			isa = PBXGroup;
			children = (
				A7DC1EF81A922F1400188ADD /* src */,
				3753AA5A1B07503F006CAEA7 /* gear */,
				3753AA5B1B07503F006CAEA7 /* gearc */,
				3753AA5C1B07503F006CAEA7 /* geardoc */,
				3753AA5D1B07503F006CAEA7 /* gearp */,
				3753AA5E1B07503F006CAEA7 /* gearf */,
				A7FABF621AFD82B400A90E00 /* libgearvm.a */,
			);
			sourceTree = "<group>";
		};
		A7DC1EF81A922F1400188ADD /* src */ = {
			isa = PBXGroup;
			children = (
				A7FABF3B1AFD802A00A90E00 /* bin */,
				A7DC1EFC1A92365C00188ADD /* cli */,
				A7FABF391AFD00E700A90E00 /* config */,
				A7DC1EFD1A92366300188ADD /* impl */,
				A7DC1EFE1A92367500188ADD /* lib */,
				A7DC1EFF1A92367C00188ADD /* vm */,
			);
			path = src;
			sourceTree = "<group>";
		};
		A7DC1EFC1A92365C00188ADD /* cli */ = {
			isa = PBXGroup;
			children = (
				A7DC1F011A92373600188ADD /* cli.hpp */,
				A7DC1F001A92373600188ADD /* cli.cpp */,
				A7DC1F041A923D1A00188ADD /* argv_input.hpp */,
				A7DC1F031A923D1A00188ADD /* argv_input.cpp */,
				A7DC1F071A923E0E00188ADD /* input_definition.hpp */,
				A7DC1F061A923E0E00188ADD /* input_definition.cpp */,
			);
			path = cli;
			sourceTree = "<group>";
		};
		A7DC1EFD1A92366300188ADD /* impl */ = {
			isa = PBXGroup;
			children = (
			);
			path = impl;
			sourceTree = "<group>";
		};
		A7DC1EFE1A92367500188ADD /* lib */ = {
			isa = PBXGroup;
			children = (
				A707E6D01AEB9826003B1B71 /* predef.hpp */,
				A7FABF301AFAB14700A90E00 /* platform.hpp */,
				A7FABF321AFBA17300A90E00 /* nan.hpp */,
			);
			path = lib;
			sourceTree = "<group>";
		};
		A7DC1EFF1A92367C00188ADD /* vm */ = {
			isa = PBXGroup;
			children = (
				A7432DA41A928D0F00F1FC44 /* memory */,
			);
			path = vm;
			sourceTree = "<group>";
		};
		A7FABF391AFD00E700A90E00 /* config */ = {
			isa = PBXGroup;
			children = (
				A7FABF3A1AFD011300A90E00 /* config.hpp */,
			);
			path = config;
			sourceTree = "<group>";
		};
		A7FABF3B1AFD802A00A90E00 /* bin */ = {
			isa = PBXGroup;
			children = (
				A7DC1EF91A92303A00188ADD /* gear.cpp */,
				A7FABF641AFD83FD00A90E00 /* gearc.cpp */,
				A7FABF7F1AFE0A8900A90E00 /* geardoc.cpp */,
				A7FABF8F1AFE0AFB00A90E00 /* gearp.cpp */,
				3788E6421B0282520062BCB8 /* gearf.cpp */,
			);
			path = bin;
			sourceTree = "<group>";
		};
/* End PBXGroup section */

/* Begin PBXHeadersBuildPhase section */
		A7FABF3F1AFD81B900A90E00 /* Headers */ = {
			isa = PBXHeadersBuildPhase;
			buildActionMask = 2147483647;
			files = (
			);
			runOnlyForDeploymentPostprocessing = 0;
		};
/* End PBXHeadersBuildPhase section */

/* Begin PBXNativeTarget section */
		3788E6371B02807C0062BCB8 /* gearf */ = {
			isa = PBXNativeTarget;
			buildConfigurationList = 3788E63E1B02807C0062BCB8 /* Build configuration list for PBXNativeTarget "gearf" */;
			buildPhases = (
				3788E6341B02807C0062BCB8 /* Sources */,
				3788E6351B02807C0062BCB8 /* Frameworks */,
				3788E6361B02807C0062BCB8 /* CopyFiles */,
			);
			buildRules = (
			);
			dependencies = (
				3788E6401B02808E0062BCB8 /* PBXTargetDependency */,
			);
			name = gearf;
			productName = coralf;
			productReference = 3753AA5E1B07503F006CAEA7 /* gearf */;
			productType = "com.apple.product-type.tool";
		};
		A7DC1EF01A922F0300188ADD /* gear */ = {
			isa = PBXNativeTarget;
			buildConfigurationList = A7DC1EF51A922F0400188ADD /* Build configuration list for PBXNativeTarget "gear" */;
			buildPhases = (
				A7DC1EED1A922F0300188ADD /* Sources */,
				A7DC1EEE1A922F0300188ADD /* Frameworks */,
				A7DC1EEF1A922F0300188ADD /* CopyFiles */,
			);
			buildRules = (
			);
			dependencies = (
				A7FABF601AFD82A200A90E00 /* PBXTargetDependency */,
			);
			name = gear;
			productName = cvm;
			productReference = 3753AA5A1B07503F006CAEA7 /* gear */;
			productType = "com.apple.product-type.tool";
		};
		A7FABF401AFD81B900A90E00 /* gearvm */ = {
			isa = PBXNativeTarget;
			buildConfigurationList = A7FABF491AFD81B900A90E00 /* Build configuration list for PBXNativeTarget "gearvm" */;
			buildPhases = (
				A7FABF3D1AFD81B900A90E00 /* Sources */,
				A7FABF3E1AFD81B900A90E00 /* Frameworks */,
				A7FABF3F1AFD81B900A90E00 /* Headers */,
			);
			buildRules = (
			);
			dependencies = (
			);
			name = gearvm;
			productName = coral;
			productReference = A7FABF621AFD82B400A90E00 /* libgearvm.a */;
			productType = "com.apple.product-type.library.static";
		};
		A7FABF681AFD841D00A90E00 /* gearc */ = {
			isa = PBXNativeTarget;
			buildConfigurationList = A7FABF6D1AFD841D00A90E00 /* Build configuration list for PBXNativeTarget "gearc" */;
			buildPhases = (
				A7FABF651AFD841D00A90E00 /* Sources */,
				A7FABF661AFD841D00A90E00 /* Frameworks */,
			);
			buildRules = (
			);
			dependencies = (
				A7FABF711AFD842700A90E00 /* PBXTargetDependency */,
			);
			name = gearc;
			productName = coralc;
			productReference = 3753AA5B1B07503F006CAEA7 /* gearc */;
			productType = "com.apple.product-type.tool";
		};
		A7FABF771AFE0A6400A90E00 /* geardoc */ = {
			isa = PBXNativeTarget;
			buildConfigurationList = A7FABF7E1AFE0A6500A90E00 /* Build configuration list for PBXNativeTarget "geardoc" */;
			buildPhases = (
				A7FABF741AFE0A6400A90E00 /* Sources */,
				A7FABF751AFE0A6400A90E00 /* Frameworks */,
				A7FABF761AFE0A6400A90E00 /* CopyFiles */,
			);
			buildRules = (
			);
			dependencies = (
				A7FABF821AFE0A9300A90E00 /* PBXTargetDependency */,
			);
			name = geardoc;
			productName = coraldoc;
			productReference = 3753AA5C1B07503F006CAEA7 /* geardoc */;
			productType = "com.apple.product-type.tool";
		};
		A7FABF871AFE0AC900A90E00 /* gearp */ = {
			isa = PBXNativeTarget;
			buildConfigurationList = A7FABF8C1AFE0AC900A90E00 /* Build configuration list for PBXNativeTarget "gearp" */;
			buildPhases = (
				A7FABF841AFE0AC900A90E00 /* Sources */,
				A7FABF851AFE0AC900A90E00 /* Frameworks */,
				A7FABF861AFE0AC900A90E00 /* CopyFiles */,
			);
			buildRules = (
			);
			dependencies = (
				A7FABF921AFE0B0200A90E00 /* PBXTargetDependency */,
			);
			name = gearp;
			productName = coralp;
			productReference = 3753AA5D1B07503F006CAEA7 /* gearp */;
			productType = "com.apple.product-type.tool";
		};
/* End PBXNativeTarget section */

/* Begin PBXProject section */
		A79839B21A913917007DA45D /* Project object */ = {
			isa = PBXProject;
			attributes = {
				LastUpgradeCheck = 0630;
				TargetAttributes = {
					3788E6371B02807C0062BCB8 = {
						CreatedOnToolsVersion = 6.3.1;
					};
					A7DC1EF01A922F0300188ADD = {
						CreatedOnToolsVersion = 6.1.1;
					};
					A7FABF401AFD81B900A90E00 = {
						CreatedOnToolsVersion = 6.3.1;
					};
					A7FABF681AFD841D00A90E00 = {
						CreatedOnToolsVersion = 6.3.1;
					};
					A7FABF771AFE0A6400A90E00 = {
						CreatedOnToolsVersion = 6.3.1;
					};
					A7FABF871AFE0AC900A90E00 = {
						CreatedOnToolsVersion = 6.3.1;
					};
				};
			};
			buildConfigurationList = A79839B51A913917007DA45D /* Build configuration list for PBXProject "gear-vm" */;
			compatibilityVersion = "Xcode 3.2";
			developmentRegion = English;
			hasScannedForEncodings = 0;
			knownRegions = (
				en,
			);
			mainGroup = A79839B11A913917007DA45D;
			productRefGroup = A79839B11A913917007DA45D;
			projectDirPath = "";
			projectRoot = "";
			targets = (
				A7DC1EF01A922F0300188ADD /* gear */,
				A7FABF681AFD841D00A90E00 /* gearc */,
				A7FABF771AFE0A6400A90E00 /* geardoc */,
				A7FABF871AFE0AC900A90E00 /* gearp */,
				3788E6371B02807C0062BCB8 /* gearf */,
				A7FABF401AFD81B900A90E00 /* gearvm */,
			);
		};
/* End PBXProject section */

/* Begin PBXSourcesBuildPhase section */
		3788E6341B02807C0062BCB8 /* Sources */ = {
			isa = PBXSourcesBuildPhase;
			buildActionMask = 2147483647;
			files = (
				3788E6431B0282520062BCB8 /* gearf.cpp in Sources */,
			);
			runOnlyForDeploymentPostprocessing = 0;
		};
		A7DC1EED1A922F0300188ADD /* Sources */ = {
			isa = PBXSourcesBuildPhase;
			buildActionMask = 2147483647;
			files = (
				A7FABF3C1AFD806C00A90E00 /* gear.cpp in Sources */,
			);
			runOnlyForDeploymentPostprocessing = 0;
		};
		A7FABF3D1AFD81B900A90E00 /* Sources */ = {
			isa = PBXSourcesBuildPhase;
			buildActionMask = 2147483647;
			files = (
				A7FABF5B1AFD824500A90E00 /* value.cpp in Sources */,
				A7FABF5E1AFD824500A90E00 /* variable.cpp in Sources */,
				A7FABF581AFD824500A90E00 /* reference.cpp in Sources */,
				A7FABF4F1AFD824500A90E00 /* argv_input.cpp in Sources */,
				A7FABF511AFD824500A90E00 /* input_definition.cpp in Sources */,
				A7FABF4D1AFD824500A90E00 /* cli.cpp in Sources */,
			);
			runOnlyForDeploymentPostprocessing = 0;
		};
		A7FABF651AFD841D00A90E00 /* Sources */ = {
			isa = PBXSourcesBuildPhase;
			buildActionMask = 2147483647;
			files = (
				A7FABF721AFD843E00A90E00 /* gearc.cpp in Sources */,
			);
			runOnlyForDeploymentPostprocessing = 0;
		};
		A7FABF741AFE0A6400A90E00 /* Sources */ = {
			isa = PBXSourcesBuildPhase;
			buildActionMask = 2147483647;
			files = (
				A7FABF801AFE0A8900A90E00 /* geardoc.cpp in Sources */,
			);
			runOnlyForDeploymentPostprocessing = 0;
		};
		A7FABF841AFE0AC900A90E00 /* Sources */ = {
			isa = PBXSourcesBuildPhase;
			buildActionMask = 2147483647;
			files = (
				A7FABF901AFE0AFB00A90E00 /* gearp.cpp in Sources */,
			);
			runOnlyForDeploymentPostprocessing = 0;
		};
/* End PBXSourcesBuildPhase section */

/* Begin PBXTargetDependency section */
		3788E6401B02808E0062BCB8 /* PBXTargetDependency */ = {
			isa = PBXTargetDependency;
			target = A7FABF401AFD81B900A90E00 /* gearvm */;
			targetProxy = 3788E63F1B02808E0062BCB8 /* PBXContainerItemProxy */;
		};
		A7FABF601AFD82A200A90E00 /* PBXTargetDependency */ = {
			isa = PBXTargetDependency;
			target = A7FABF401AFD81B900A90E00 /* gearvm */;
			targetProxy = A7FABF5F1AFD82A200A90E00 /* PBXContainerItemProxy */;
		};
		A7FABF711AFD842700A90E00 /* PBXTargetDependency */ = {
			isa = PBXTargetDependency;
			target = A7FABF401AFD81B900A90E00 /* gearvm */;
			targetProxy = A7FABF701AFD842700A90E00 /* PBXContainerItemProxy */;
		};
		A7FABF821AFE0A9300A90E00 /* PBXTargetDependency */ = {
			isa = PBXTargetDependency;
			target = A7FABF401AFD81B900A90E00 /* gearvm */;
			targetProxy = A7FABF811AFE0A9300A90E00 /* PBXContainerItemProxy */;
		};
		A7FABF921AFE0B0200A90E00 /* PBXTargetDependency */ = {
			isa = PBXTargetDependency;
			target = A7FABF401AFD81B900A90E00 /* gearvm */;
			targetProxy = A7FABF911AFE0B0200A90E00 /* PBXContainerItemProxy */;
		};
/* End PBXTargetDependency section */

/* Begin XCBuildConfiguration section */
		3788E63C1B02807C0062BCB8 /* Debug */ = {
			isa = XCBuildConfiguration;
			buildSettings = {
				ALWAYS_SEARCH_USER_PATHS = NO;
				CLANG_CXX_LANGUAGE_STANDARD = "c++14";
				CLANG_CXX_LIBRARY = "libc++";
				CLANG_ENABLE_MODULES = YES;
				CLANG_ENABLE_OBJC_ARC = YES;
				CLANG_WARN_BOOL_CONVERSION = YES;
				CLANG_WARN_CONSTANT_CONVERSION = YES;
				CLANG_WARN_DIRECT_OBJC_ISA_USAGE = YES_ERROR;
				CLANG_WARN_EMPTY_BODY = YES;
				CLANG_WARN_ENUM_CONVERSION = YES;
				CLANG_WARN_INT_CONVERSION = YES;
				CLANG_WARN_OBJC_ROOT_CLASS = YES_ERROR;
				CLANG_WARN_UNREACHABLE_CODE = YES;
				CLANG_WARN__DUPLICATE_METHOD_MATCH = YES;
				COPY_PHASE_STRIP = NO;
				DEBUG_INFORMATION_FORMAT = dwarf;
				ENABLE_STRICT_OBJC_MSGSEND = YES;
				GCC_C_LANGUAGE_STANDARD = c11;
				GCC_DYNAMIC_NO_PIC = NO;
				GCC_NO_COMMON_BLOCKS = YES;
				GCC_OPTIMIZATION_LEVEL = 0;
				GCC_PREPROCESSOR_DEFINITIONS = (
					"DEBUG=1",
					"$(inherited)",
				);
				GCC_SYMBOLS_PRIVATE_EXTERN = NO;
				GCC_WARN_64_TO_32_BIT_CONVERSION = YES;
				GCC_WARN_ABOUT_RETURN_TYPE = YES_ERROR;
				GCC_WARN_UNDECLARED_SELECTOR = YES;
				GCC_WARN_UNINITIALIZED_AUTOS = YES_AGGRESSIVE;
				GCC_WARN_UNUSED_FUNCTION = YES;
				GCC_WARN_UNUSED_VARIABLE = YES;
				MACOSX_DEPLOYMENT_TARGET = 10.10;
				MTL_ENABLE_DEBUG_INFO = YES;
				PRODUCT_NAME = "$(TARGET_NAME)";
				SDKROOT = macosx;
			};
			name = Debug;
		};
		3788E63D1B02807C0062BCB8 /* Release */ = {
			isa = XCBuildConfiguration;
			buildSettings = {
				ALWAYS_SEARCH_USER_PATHS = NO;
				CLANG_CXX_LANGUAGE_STANDARD = "c++14";
				CLANG_CXX_LIBRARY = "libc++";
				CLANG_ENABLE_MODULES = YES;
				CLANG_ENABLE_OBJC_ARC = YES;
				CLANG_WARN_BOOL_CONVERSION = YES;
				CLANG_WARN_CONSTANT_CONVERSION = YES;
				CLANG_WARN_DIRECT_OBJC_ISA_USAGE = YES_ERROR;
				CLANG_WARN_EMPTY_BODY = YES;
				CLANG_WARN_ENUM_CONVERSION = YES;
				CLANG_WARN_INT_CONVERSION = YES;
				CLANG_WARN_OBJC_ROOT_CLASS = YES_ERROR;
				CLANG_WARN_UNREACHABLE_CODE = YES;
				CLANG_WARN__DUPLICATE_METHOD_MATCH = YES;
				COPY_PHASE_STRIP = NO;
				DEBUG_INFORMATION_FORMAT = "dwarf-with-dsym";
				ENABLE_NS_ASSERTIONS = NO;
				ENABLE_STRICT_OBJC_MSGSEND = YES;
				GCC_C_LANGUAGE_STANDARD = c11;
				GCC_NO_COMMON_BLOCKS = YES;
				GCC_WARN_64_TO_32_BIT_CONVERSION = YES;
				GCC_WARN_ABOUT_RETURN_TYPE = YES_ERROR;
				GCC_WARN_UNDECLARED_SELECTOR = YES;
				GCC_WARN_UNINITIALIZED_AUTOS = YES_AGGRESSIVE;
				GCC_WARN_UNUSED_FUNCTION = YES;
				GCC_WARN_UNUSED_VARIABLE = YES;
				MACOSX_DEPLOYMENT_TARGET = 10.10;
				MTL_ENABLE_DEBUG_INFO = NO;
				PRODUCT_NAME = "$(TARGET_NAME)";
				SDKROOT = macosx;
			};
			name = Release;
		};
		A79839B61A913917007DA45D /* Debug */ = {
			isa = XCBuildConfiguration;
			buildSettings = {
				CLANG_CXX_LANGUAGE_STANDARD = "c++14";
				CLANG_CXX_LIBRARY = "libc++";
				ONLY_ACTIVE_ARCH = YES;
			};
			name = Debug;
		};
		A79839B71A913917007DA45D /* Release */ = {
			isa = XCBuildConfiguration;
			buildSettings = {
				CLANG_CXX_LANGUAGE_STANDARD = "c++14";
				CLANG_CXX_LIBRARY = "libc++";
			};
			name = Release;
		};
		A7DC1EF61A922F0400188ADD /* Debug */ = {
			isa = XCBuildConfiguration;
			buildSettings = {
				ALWAYS_SEARCH_USER_PATHS = NO;
				ARCHS = "$(ARCHS_STANDARD)";
				CLANG_CXX_LANGUAGE_STANDARD = "c++14";
				CLANG_CXX_LIBRARY = "libc++";
				CLANG_ENABLE_MODULES = YES;
				CLANG_ENABLE_OBJC_ARC = YES;
				CLANG_WARN_ASSIGN_ENUM = YES;
				CLANG_WARN_BOOL_CONVERSION = YES;
				CLANG_WARN_CONSTANT_CONVERSION = YES;
				CLANG_WARN_DIRECT_OBJC_ISA_USAGE = YES_ERROR;
				CLANG_WARN_EMPTY_BODY = YES;
				CLANG_WARN_ENUM_CONVERSION = YES;
				CLANG_WARN_INT_CONVERSION = YES;
				CLANG_WARN_OBJC_ROOT_CLASS = YES_ERROR;
				CLANG_WARN_SUSPICIOUS_IMPLICIT_CONVERSION = YES;
				CLANG_WARN_UNREACHABLE_CODE = YES;
				CLANG_WARN__DUPLICATE_METHOD_MATCH = YES;
				COPY_PHASE_STRIP = NO;
				DEBUG_INFORMATION_FORMAT = dwarf;
				ENABLE_STRICT_OBJC_MSGSEND = YES;
				GCC_C_LANGUAGE_STANDARD = c11;
				GCC_DYNAMIC_NO_PIC = NO;
				GCC_INLINES_ARE_PRIVATE_EXTERN = YES;
				GCC_OPTIMIZATION_LEVEL = 0;
				GCC_PREPROCESSOR_DEFINITIONS = (
					"DEBUG=1",
					"$(inherited)",
				);
				GCC_SYMBOLS_PRIVATE_EXTERN = NO;
				GCC_WARN_64_TO_32_BIT_CONVERSION = YES;
				GCC_WARN_ABOUT_MISSING_FIELD_INITIALIZERS = YES;
				GCC_WARN_ABOUT_MISSING_NEWLINE = YES;
				GCC_WARN_ABOUT_MISSING_PROTOTYPES = YES;
				GCC_WARN_ABOUT_RETURN_TYPE = YES_ERROR;
				GCC_WARN_INITIALIZER_NOT_FULLY_BRACKETED = YES;
				GCC_WARN_UNDECLARED_SELECTOR = YES;
				GCC_WARN_UNINITIALIZED_AUTOS = YES_AGGRESSIVE;
				GCC_WARN_UNUSED_FUNCTION = YES;
				GCC_WARN_UNUSED_VARIABLE = YES;
				MACOSX_DEPLOYMENT_TARGET = 10.10;
				MTL_ENABLE_DEBUG_INFO = YES;
				ONLY_ACTIVE_ARCH = YES;
				PRODUCT_NAME = "$(TARGET_NAME)";
				SDKROOT = macosx;
			};
			name = Debug;
		};
		A7DC1EF71A922F0400188ADD /* Release */ = {
			isa = XCBuildConfiguration;
			buildSettings = {
				ALWAYS_SEARCH_USER_PATHS = NO;
				ARCHS = "$(ARCHS_STANDARD)";
				CLANG_CXX_LANGUAGE_STANDARD = "c++14";
				CLANG_CXX_LIBRARY = "libc++";
				CLANG_ENABLE_MODULES = YES;
				CLANG_ENABLE_OBJC_ARC = YES;
				CLANG_WARN_ASSIGN_ENUM = YES;
				CLANG_WARN_BOOL_CONVERSION = YES;
				CLANG_WARN_CONSTANT_CONVERSION = YES;
				CLANG_WARN_DIRECT_OBJC_ISA_USAGE = YES_ERROR;
				CLANG_WARN_EMPTY_BODY = YES;
				CLANG_WARN_ENUM_CONVERSION = YES;
				CLANG_WARN_INT_CONVERSION = YES;
				CLANG_WARN_OBJC_ROOT_CLASS = YES_ERROR;
				CLANG_WARN_SUSPICIOUS_IMPLICIT_CONVERSION = YES;
				CLANG_WARN_UNREACHABLE_CODE = YES;
				CLANG_WARN__DUPLICATE_METHOD_MATCH = YES;
				COPY_PHASE_STRIP = YES;
				DEBUG_INFORMATION_FORMAT = "dwarf-with-dsym";
				ENABLE_NS_ASSERTIONS = NO;
				ENABLE_STRICT_OBJC_MSGSEND = YES;
				GCC_C_LANGUAGE_STANDARD = c11;
				GCC_INLINES_ARE_PRIVATE_EXTERN = YES;
				GCC_WARN_64_TO_32_BIT_CONVERSION = YES;
				GCC_WARN_ABOUT_MISSING_FIELD_INITIALIZERS = YES;
				GCC_WARN_ABOUT_MISSING_NEWLINE = YES;
				GCC_WARN_ABOUT_MISSING_PROTOTYPES = YES;
				GCC_WARN_ABOUT_RETURN_TYPE = YES_ERROR;
				GCC_WARN_INITIALIZER_NOT_FULLY_BRACKETED = YES;
				GCC_WARN_UNDECLARED_SELECTOR = YES;
				GCC_WARN_UNINITIALIZED_AUTOS = YES_AGGRESSIVE;
				GCC_WARN_UNUSED_FUNCTION = YES;
				GCC_WARN_UNUSED_VARIABLE = YES;
				MACOSX_DEPLOYMENT_TARGET = 10.10;
				MTL_ENABLE_DEBUG_INFO = NO;
				PRODUCT_NAME = "$(TARGET_NAME)";
				SDKROOT = macosx;
			};
			name = Release;
		};
		A7FABF4A1AFD81B900A90E00 /* Debug */ = {
			isa = XCBuildConfiguration;
			buildSettings = {
				ALWAYS_SEARCH_USER_PATHS = NO;
				ARCHS = "$(ARCHS_STANDARD)";
				CLANG_CXX_LANGUAGE_STANDARD = "c++14";
				CLANG_CXX_LIBRARY = "libc++";
				CLANG_ENABLE_MODULES = YES;
				CLANG_ENABLE_OBJC_ARC = YES;
				CLANG_WARN_BOOL_CONVERSION = YES;
				CLANG_WARN_CONSTANT_CONVERSION = YES;
				CLANG_WARN_DIRECT_OBJC_ISA_USAGE = YES_ERROR;
				CLANG_WARN_EMPTY_BODY = YES;
				CLANG_WARN_ENUM_CONVERSION = YES;
				CLANG_WARN_INT_CONVERSION = YES;
				CLANG_WARN_OBJC_ROOT_CLASS = YES_ERROR;
				CLANG_WARN_UNREACHABLE_CODE = YES;
				CLANG_WARN__DUPLICATE_METHOD_MATCH = YES;
				COPY_PHASE_STRIP = NO;
				DEBUG_INFORMATION_FORMAT = dwarf;
				ENABLE_STRICT_OBJC_MSGSEND = YES;
				EXECUTABLE_PREFIX = lib;
				GCC_C_LANGUAGE_STANDARD = c11;
				GCC_DYNAMIC_NO_PIC = NO;
				GCC_ENABLE_CPP_EXCEPTIONS = YES;
				GCC_ENABLE_CPP_RTTI = YES;
				GCC_NO_COMMON_BLOCKS = YES;
				GCC_OPTIMIZATION_LEVEL = 0;
				GCC_PREPROCESSOR_DEFINITIONS = (
					"DEBUG=1",
					"$(inherited)",
				);
				GCC_SYMBOLS_PRIVATE_EXTERN = NO;
				GCC_WARN_64_TO_32_BIT_CONVERSION = YES;
				GCC_WARN_ABOUT_RETURN_TYPE = YES_ERROR;
				GCC_WARN_UNDECLARED_SELECTOR = YES;
				GCC_WARN_UNINITIALIZED_AUTOS = YES_AGGRESSIVE;
				GCC_WARN_UNUSED_FUNCTION = YES;
				GCC_WARN_UNUSED_VARIABLE = YES;
				MACOSX_DEPLOYMENT_TARGET = 10.10;
				MTL_ENABLE_DEBUG_INFO = YES;
				PRODUCT_NAME = "$(TARGET_NAME)";
				SDKROOT = macosx;
			};
			name = Debug;
		};
		A7FABF4B1AFD81B900A90E00 /* Release */ = {
			isa = XCBuildConfiguration;
			buildSettings = {
				ALWAYS_SEARCH_USER_PATHS = NO;
				ARCHS = "$(ARCHS_STANDARD)";
				CLANG_CXX_LANGUAGE_STANDARD = "c++14";
				CLANG_CXX_LIBRARY = "libc++";
				CLANG_ENABLE_MODULES = YES;
				CLANG_ENABLE_OBJC_ARC = YES;
				CLANG_WARN_BOOL_CONVERSION = YES;
				CLANG_WARN_CONSTANT_CONVERSION = YES;
				CLANG_WARN_DIRECT_OBJC_ISA_USAGE = YES_ERROR;
				CLANG_WARN_EMPTY_BODY = YES;
				CLANG_WARN_ENUM_CONVERSION = YES;
				CLANG_WARN_INT_CONVERSION = YES;
				CLANG_WARN_OBJC_ROOT_CLASS = YES_ERROR;
				CLANG_WARN_UNREACHABLE_CODE = YES;
				CLANG_WARN__DUPLICATE_METHOD_MATCH = YES;
				COPY_PHASE_STRIP = NO;
				DEBUG_INFORMATION_FORMAT = "dwarf-with-dsym";
				ENABLE_NS_ASSERTIONS = NO;
				ENABLE_STRICT_OBJC_MSGSEND = YES;
				EXECUTABLE_PREFIX = lib;
				GCC_C_LANGUAGE_STANDARD = c11;
				GCC_ENABLE_CPP_EXCEPTIONS = YES;
				GCC_ENABLE_CPP_RTTI = YES;
				GCC_NO_COMMON_BLOCKS = YES;
				GCC_SYMBOLS_PRIVATE_EXTERN = NO;
				GCC_WARN_64_TO_32_BIT_CONVERSION = YES;
				GCC_WARN_ABOUT_RETURN_TYPE = YES_ERROR;
				GCC_WARN_UNDECLARED_SELECTOR = YES;
				GCC_WARN_UNINITIALIZED_AUTOS = YES_AGGRESSIVE;
				GCC_WARN_UNUSED_FUNCTION = YES;
				GCC_WARN_UNUSED_VARIABLE = YES;
				MACOSX_DEPLOYMENT_TARGET = 10.10;
				MTL_ENABLE_DEBUG_INFO = NO;
				PRODUCT_NAME = "$(TARGET_NAME)";
				SDKROOT = macosx;
			};
			name = Release;
		};
		A7FABF6E1AFD841D00A90E00 /* Debug */ = {
			isa = XCBuildConfiguration;
			buildSettings = {
				ALWAYS_SEARCH_USER_PATHS = NO;
				ARCHS = "$(ARCHS_STANDARD)";
				CLANG_CXX_LANGUAGE_STANDARD = "c++14";
				CLANG_CXX_LIBRARY = "libc++";
				CLANG_ENABLE_MODULES = YES;
				CLANG_ENABLE_OBJC_ARC = YES;
				CLANG_WARN_BOOL_CONVERSION = YES;
				CLANG_WARN_CONSTANT_CONVERSION = YES;
				CLANG_WARN_DIRECT_OBJC_ISA_USAGE = YES_ERROR;
				CLANG_WARN_EMPTY_BODY = YES;
				CLANG_WARN_ENUM_CONVERSION = YES;
				CLANG_WARN_INT_CONVERSION = YES;
				CLANG_WARN_OBJC_ROOT_CLASS = YES_ERROR;
				CLANG_WARN_UNREACHABLE_CODE = YES;
				CLANG_WARN__DUPLICATE_METHOD_MATCH = YES;
				COPY_PHASE_STRIP = NO;
				DEBUG_INFORMATION_FORMAT = dwarf;
				ENABLE_STRICT_OBJC_MSGSEND = YES;
				GCC_C_LANGUAGE_STANDARD = c11;
				GCC_DYNAMIC_NO_PIC = NO;
				GCC_NO_COMMON_BLOCKS = YES;
				GCC_OPTIMIZATION_LEVEL = 0;
				GCC_PREPROCESSOR_DEFINITIONS = (
					"DEBUG=1",
					"$(inherited)",
				);
				GCC_SYMBOLS_PRIVATE_EXTERN = NO;
				GCC_WARN_64_TO_32_BIT_CONVERSION = YES;
				GCC_WARN_ABOUT_RETURN_TYPE = YES_ERROR;
				GCC_WARN_UNDECLARED_SELECTOR = YES;
				GCC_WARN_UNINITIALIZED_AUTOS = YES_AGGRESSIVE;
				GCC_WARN_UNUSED_FUNCTION = YES;
				GCC_WARN_UNUSED_VARIABLE = YES;
				MACOSX_DEPLOYMENT_TARGET = 10.10;
				MTL_ENABLE_DEBUG_INFO = YES;
				PRODUCT_NAME = "$(TARGET_NAME)";
				SDKROOT = macosx;
			};
			name = Debug;
		};
		A7FABF6F1AFD841D00A90E00 /* Release */ = {
			isa = XCBuildConfiguration;
			buildSettings = {
				ALWAYS_SEARCH_USER_PATHS = NO;
				ARCHS = "$(ARCHS_STANDARD)";
				CLANG_CXX_LANGUAGE_STANDARD = "c++14";
				CLANG_CXX_LIBRARY = "libc++";
				CLANG_ENABLE_MODULES = YES;
				CLANG_ENABLE_OBJC_ARC = YES;
				CLANG_WARN_BOOL_CONVERSION = YES;
				CLANG_WARN_CONSTANT_CONVERSION = YES;
				CLANG_WARN_DIRECT_OBJC_ISA_USAGE = YES_ERROR;
				CLANG_WARN_EMPTY_BODY = YES;
				CLANG_WARN_ENUM_CONVERSION = YES;
				CLANG_WARN_INT_CONVERSION = YES;
				CLANG_WARN_OBJC_ROOT_CLASS = YES_ERROR;
				CLANG_WARN_UNREACHABLE_CODE = YES;
				CLANG_WARN__DUPLICATE_METHOD_MATCH = YES;
				COPY_PHASE_STRIP = NO;
				DEBUG_INFORMATION_FORMAT = "dwarf-with-dsym";
				ENABLE_NS_ASSERTIONS = NO;
				ENABLE_STRICT_OBJC_MSGSEND = YES;
				GCC_C_LANGUAGE_STANDARD = c11;
				GCC_NO_COMMON_BLOCKS = YES;
				GCC_WARN_64_TO_32_BIT_CONVERSION = YES;
				GCC_WARN_ABOUT_RETURN_TYPE = YES_ERROR;
				GCC_WARN_UNDECLARED_SELECTOR = YES;
				GCC_WARN_UNINITIALIZED_AUTOS = YES_AGGRESSIVE;
				GCC_WARN_UNUSED_FUNCTION = YES;
				GCC_WARN_UNUSED_VARIABLE = YES;
				MACOSX_DEPLOYMENT_TARGET = 10.10;
				MTL_ENABLE_DEBUG_INFO = NO;
				PRODUCT_NAME = "$(TARGET_NAME)";
				SDKROOT = macosx;
			};
			name = Release;
		};
		A7FABF7C1AFE0A6500A90E00 /* Debug */ = {
			isa = XCBuildConfiguration;
			buildSettings = {
				ALWAYS_SEARCH_USER_PATHS = NO;
				CLANG_CXX_LANGUAGE_STANDARD = "c++14";
				CLANG_CXX_LIBRARY = "libc++";
				CLANG_ENABLE_MODULES = YES;
				CLANG_ENABLE_OBJC_ARC = YES;
				CLANG_WARN_BOOL_CONVERSION = YES;
				CLANG_WARN_CONSTANT_CONVERSION = YES;
				CLANG_WARN_DIRECT_OBJC_ISA_USAGE = YES_ERROR;
				CLANG_WARN_EMPTY_BODY = YES;
				CLANG_WARN_ENUM_CONVERSION = YES;
				CLANG_WARN_INT_CONVERSION = YES;
				CLANG_WARN_OBJC_ROOT_CLASS = YES_ERROR;
				CLANG_WARN_UNREACHABLE_CODE = YES;
				CLANG_WARN__DUPLICATE_METHOD_MATCH = YES;
				COPY_PHASE_STRIP = NO;
				DEBUG_INFORMATION_FORMAT = dwarf;
				ENABLE_STRICT_OBJC_MSGSEND = YES;
				GCC_C_LANGUAGE_STANDARD = c11;
				GCC_DYNAMIC_NO_PIC = NO;
				GCC_NO_COMMON_BLOCKS = YES;
				GCC_OPTIMIZATION_LEVEL = 0;
				GCC_PREPROCESSOR_DEFINITIONS = (
					"DEBUG=1",
					"$(inherited)",
				);
				GCC_SYMBOLS_PRIVATE_EXTERN = NO;
				GCC_WARN_64_TO_32_BIT_CONVERSION = YES;
				GCC_WARN_ABOUT_RETURN_TYPE = YES_ERROR;
				GCC_WARN_UNDECLARED_SELECTOR = YES;
				GCC_WARN_UNINITIALIZED_AUTOS = YES_AGGRESSIVE;
				GCC_WARN_UNUSED_FUNCTION = YES;
				GCC_WARN_UNUSED_VARIABLE = YES;
				MACOSX_DEPLOYMENT_TARGET = 10.10;
				MTL_ENABLE_DEBUG_INFO = YES;
				PRODUCT_NAME = "$(TARGET_NAME)";
				SDKROOT = macosx;
			};
			name = Debug;
		};
		A7FABF7D1AFE0A6500A90E00 /* Release */ = {
			isa = XCBuildConfiguration;
			buildSettings = {
				ALWAYS_SEARCH_USER_PATHS = NO;
				CLANG_CXX_LANGUAGE_STANDARD = "c++14";
				CLANG_CXX_LIBRARY = "libc++";
				CLANG_ENABLE_MODULES = YES;
				CLANG_ENABLE_OBJC_ARC = YES;
				CLANG_WARN_BOOL_CONVERSION = YES;
				CLANG_WARN_CONSTANT_CONVERSION = YES;
				CLANG_WARN_DIRECT_OBJC_ISA_USAGE = YES_ERROR;
				CLANG_WARN_EMPTY_BODY = YES;
				CLANG_WARN_ENUM_CONVERSION = YES;
				CLANG_WARN_INT_CONVERSION = YES;
				CLANG_WARN_OBJC_ROOT_CLASS = YES_ERROR;
				CLANG_WARN_UNREACHABLE_CODE = YES;
				CLANG_WARN__DUPLICATE_METHOD_MATCH = YES;
				COPY_PHASE_STRIP = NO;
				DEBUG_INFORMATION_FORMAT = "dwarf-with-dsym";
				ENABLE_NS_ASSERTIONS = NO;
				ENABLE_STRICT_OBJC_MSGSEND = YES;
				GCC_C_LANGUAGE_STANDARD = c11;
				GCC_NO_COMMON_BLOCKS = YES;
				GCC_WARN_64_TO_32_BIT_CONVERSION = YES;
				GCC_WARN_ABOUT_RETURN_TYPE = YES_ERROR;
				GCC_WARN_UNDECLARED_SELECTOR = YES;
				GCC_WARN_UNINITIALIZED_AUTOS = YES_AGGRESSIVE;
				GCC_WARN_UNUSED_FUNCTION = YES;
				GCC_WARN_UNUSED_VARIABLE = YES;
				MACOSX_DEPLOYMENT_TARGET = 10.10;
				MTL_ENABLE_DEBUG_INFO = NO;
				PRODUCT_NAME = "$(TARGET_NAME)";
				SDKROOT = macosx;
			};
			name = Release;
		};
		A7FABF8D1AFE0AC900A90E00 /* Debug */ = {
			isa = XCBuildConfiguration;
			buildSettings = {
				ALWAYS_SEARCH_USER_PATHS = NO;
				CLANG_CXX_LANGUAGE_STANDARD = "c++14";
				CLANG_CXX_LIBRARY = "libc++";
				CLANG_ENABLE_MODULES = YES;
				CLANG_ENABLE_OBJC_ARC = YES;
				CLANG_WARN_BOOL_CONVERSION = YES;
				CLANG_WARN_CONSTANT_CONVERSION = YES;
				CLANG_WARN_DIRECT_OBJC_ISA_USAGE = YES_ERROR;
				CLANG_WARN_EMPTY_BODY = YES;
				CLANG_WARN_ENUM_CONVERSION = YES;
				CLANG_WARN_INT_CONVERSION = YES;
				CLANG_WARN_OBJC_ROOT_CLASS = YES_ERROR;
				CLANG_WARN_UNREACHABLE_CODE = YES;
				CLANG_WARN__DUPLICATE_METHOD_MATCH = YES;
				COPY_PHASE_STRIP = NO;
				DEBUG_INFORMATION_FORMAT = dwarf;
				ENABLE_STRICT_OBJC_MSGSEND = YES;
				GCC_C_LANGUAGE_STANDARD = c11;
				GCC_DYNAMIC_NO_PIC = NO;
				GCC_NO_COMMON_BLOCKS = YES;
				GCC_OPTIMIZATION_LEVEL = 0;
				GCC_PREPROCESSOR_DEFINITIONS = (
					"DEBUG=1",
					"$(inherited)",
				);
				GCC_SYMBOLS_PRIVATE_EXTERN = NO;
				GCC_WARN_64_TO_32_BIT_CONVERSION = YES;
				GCC_WARN_ABOUT_RETURN_TYPE = YES_ERROR;
				GCC_WARN_UNDECLARED_SELECTOR = YES;
				GCC_WARN_UNINITIALIZED_AUTOS = YES_AGGRESSIVE;
				GCC_WARN_UNUSED_FUNCTION = YES;
				GCC_WARN_UNUSED_VARIABLE = YES;
				MACOSX_DEPLOYMENT_TARGET = 10.10;
				MTL_ENABLE_DEBUG_INFO = YES;
				PRODUCT_NAME = "$(TARGET_NAME)";
				SDKROOT = macosx;
			};
			name = Debug;
		};
		A7FABF8E1AFE0AC900A90E00 /* Release */ = {
			isa = XCBuildConfiguration;
			buildSettings = {
				ALWAYS_SEARCH_USER_PATHS = NO;
				CLANG_CXX_LANGUAGE_STANDARD = "c++14";
				CLANG_CXX_LIBRARY = "libc++";
				CLANG_ENABLE_MODULES = YES;
				CLANG_ENABLE_OBJC_ARC = YES;
				CLANG_WARN_BOOL_CONVERSION = YES;
				CLANG_WARN_CONSTANT_CONVERSION = YES;
				CLANG_WARN_DIRECT_OBJC_ISA_USAGE = YES_ERROR;
				CLANG_WARN_EMPTY_BODY = YES;
				CLANG_WARN_ENUM_CONVERSION = YES;
				CLANG_WARN_INT_CONVERSION = YES;
				CLANG_WARN_OBJC_ROOT_CLASS = YES_ERROR;
				CLANG_WARN_UNREACHABLE_CODE = YES;
				CLANG_WARN__DUPLICATE_METHOD_MATCH = YES;
				COPY_PHASE_STRIP = NO;
				DEBUG_INFORMATION_FORMAT = "dwarf-with-dsym";
				ENABLE_NS_ASSERTIONS = NO;
				ENABLE_STRICT_OBJC_MSGSEND = YES;
				GCC_C_LANGUAGE_STANDARD = c11;
				GCC_NO_COMMON_BLOCKS = YES;
				GCC_WARN_64_TO_32_BIT_CONVERSION = YES;
				GCC_WARN_ABOUT_RETURN_TYPE = YES_ERROR;
				GCC_WARN_UNDECLARED_SELECTOR = YES;
				GCC_WARN_UNINITIALIZED_AUTOS = YES_AGGRESSIVE;
				GCC_WARN_UNUSED_FUNCTION = YES;
				GCC_WARN_UNUSED_VARIABLE = YES;
				MACOSX_DEPLOYMENT_TARGET = 10.10;
				MTL_ENABLE_DEBUG_INFO = NO;
				PRODUCT_NAME = "$(TARGET_NAME)";
				SDKROOT = macosx;
			};
			name = Release;
		};
/* End XCBuildConfiguration section */

/* Begin XCConfigurationList section */
		3788E63E1B02807C0062BCB8 /* Build configuration list for PBXNativeTarget "gearf" */ = {
			isa = XCConfigurationList;
			buildConfigurations = (
				3788E63C1B02807C0062BCB8 /* Debug */,
				3788E63D1B02807C0062BCB8 /* Release */,
			);
			defaultConfigurationIsVisible = 0;
			defaultConfigurationName = Release;
		};
		A79839B51A913917007DA45D /* Build configuration list for PBXProject "gear-vm" */ = {
			isa = XCConfigurationList;
			buildConfigurations = (
				A79839B61A913917007DA45D /* Debug */,
				A79839B71A913917007DA45D /* Release */,
			);
			defaultConfigurationIsVisible = 0;
			defaultConfigurationName = Release;
		};
		A7DC1EF51A922F0400188ADD /* Build configuration list for PBXNativeTarget "gear" */ = {
			isa = XCConfigurationList;
			buildConfigurations = (
				A7DC1EF61A922F0400188ADD /* Debug */,
				A7DC1EF71A922F0400188ADD /* Release */,
			);
			defaultConfigurationIsVisible = 0;
			defaultConfigurationName = Release;
		};
		A7FABF491AFD81B900A90E00 /* Build configuration list for PBXNativeTarget "gearvm" */ = {
			isa = XCConfigurationList;
			buildConfigurations = (
				A7FABF4A1AFD81B900A90E00 /* Debug */,
				A7FABF4B1AFD81B900A90E00 /* Release */,
			);
			defaultConfigurationIsVisible = 0;
			defaultConfigurationName = Release;
		};
		A7FABF6D1AFD841D00A90E00 /* Build configuration list for PBXNativeTarget "gearc" */ = {
			isa = XCConfigurationList;
			buildConfigurations = (
				A7FABF6E1AFD841D00A90E00 /* Debug */,
				A7FABF6F1AFD841D00A90E00 /* Release */,
			);
			defaultConfigurationIsVisible = 0;
			defaultConfigurationName = Release;
		};
		A7FABF7E1AFE0A6500A90E00 /* Build configuration list for PBXNativeTarget "geardoc" */ = {
			isa = XCConfigurationList;
			buildConfigurations = (
				A7FABF7C1AFE0A6500A90E00 /* Debug */,
				A7FABF7D1AFE0A6500A90E00 /* Release */,
			);
			defaultConfigurationIsVisible = 0;
			defaultConfigurationName = Release;
		};
		A7FABF8C1AFE0AC900A90E00 /* Build configuration list for PBXNativeTarget "gearp" */ = {
			isa = XCConfigurationList;
			buildConfigurations = (
				A7FABF8D1AFE0AC900A90E00 /* Debug */,
				A7FABF8E1AFE0AC900A90E00 /* Release */,
			);
			defaultConfigurationIsVisible = 0;
			defaultConfigurationName = Release;
		};
/* End XCConfigurationList section */
	};
	rootObject = A79839B21A913917007DA45D /* Project object */;
}
